
Microsoft Visual Studio Solution File, Format Version 12.00
Project("{FAE04EC0-301F-11D3-BF4B-00C04F79EFBC}") = "NStalling.Avro", "NStalling.Avro\NStalling.Avro.csproj", "{6DDD6119-9439-46AD-85E3-7C103CEDFF7E}"
EndProject
Project("{FAE04EC0-301F-11D3-BF4B-00C04F79EFBC}") = "NStalling.Avro.Tests", "NStalling.Avro.Tests\NStalling.Avro.Tests.csproj", "{B11EEBF6-F375-4E83-8CE7-C89FFDCF76CA}"
EndProject
Project("{2150E333-8FDC-42A3-9474-1A3956D46DE8}") = "samples", "samples", "{5D20AA90-6969-D8BD-9DCD-8634F4692FDA}"
EndProject
Project("{FAE04EC0-301F-11D3-BF4B-00C04F79EFBC}") = "EventEnvelope", "samples\EventEnvelope\EventEnvelope.csproj", "{98FC79DA-12CD-474B-99A4-E4CAD5437790}"
EndProject
Project("{FAE04EC0-301F-11D3-BF4B-00C04F79EFBC}") = "Annotations", "samples\Annotations\Annotations.csproj", "{9EFB708C-E89A-45AA-B0BA-68AC4032C3C3}"
EndProject
Global
	GlobalSection(SolutionConfigurationPlatforms) = preSolution
		Debug|Any CPU = Debug|Any CPU
		Debug|x64 = Debug|x64
		Debug|x86 = Debug|x86
		Release|Any CPU = Release|Any CPU
		Release|x64 = Release|x64
		Release|x86 = Release|x86
	EndGlobalSection
	GlobalSection(ProjectConfigurationPlatforms) = postSolution
		{6DDD6119-9439-46AD-85E3-7C103CEDFF7E}.Debug|Any CPU.ActiveCfg = Debug|Any CPU
		{6DDD6119-9439-46AD-85E3-7C103CEDFF7E}.Debug|Any CPU.Build.0 = Debug|Any CPU
		{6DDD6119-9439-46AD-85E3-7C103CEDFF7E}.Debug|x64.ActiveCfg = Debug|Any CPU
		{6DDD6119-9439-46AD-85E3-7C103CEDFF7E}.Debug|x64.Build.0 = Debug|Any CPU
		{6DDD6119-9439-46AD-85E3-7C103CEDFF7E}.Debug|x86.ActiveCfg = Debug|Any CPU
		{6DDD6119-9439-46AD-85E3-7C103CEDFF7E}.Debug|x86.Build.0 = Debug|Any CPU
		{6DDD6119-9439-46AD-85E3-7C103CEDFF7E}.Release|Any CPU.ActiveCfg = Release|Any CPU
		{6DDD6119-9439-46AD-85E3-7C103CEDFF7E}.Release|Any CPU.Build.0 = Release|Any CPU
		{6DDD6119-9439-46AD-85E3-7C103CEDFF7E}.Release|x64.ActiveCfg = Release|Any CPU
		{6DDD6119-9439-46AD-85E3-7C103CEDFF7E}.Release|x64.Build.0 = Release|Any CPU
		{6DDD6119-9439-46AD-85E3-7C103CEDFF7E}.Release|x86.ActiveCfg = Release|Any CPU
		{6DDD6119-9439-46AD-85E3-7C103CEDFF7E}.Release|x86.Build.0 = Release|Any CPU
		{B11EEBF6-F375-4E83-8CE7-C89FFDCF76CA}.Debug|Any CPU.ActiveCfg = Debug|Any CPU
		{B11EEBF6-F375-4E83-8CE7-C89FFDCF76CA}.Debug|Any CPU.Build.0 = Debug|Any CPU
		{B11EEBF6-F375-4E83-8CE7-C89FFDCF76CA}.Debug|x64.ActiveCfg = Debug|Any CPU
		{B11EEBF6-F375-4E83-8CE7-C89FFDCF76CA}.Debug|x64.Build.0 = Debug|Any CPU
		{B11EEBF6-F375-4E83-8CE7-C89FFDCF76CA}.Debug|x86.ActiveCfg = Debug|Any CPU
		{B11EEBF6-F375-4E83-8CE7-C89FFDCF76CA}.Debug|x86.Build.0 = Debug|Any CPU
		{B11EEBF6-F375-4E83-8CE7-C89FFDCF76CA}.Release|Any CPU.ActiveCfg = Release|Any CPU
		{B11EEBF6-F375-4E83-8CE7-C89FFDCF76CA}.Release|Any CPU.Build.0 = Release|Any CPU
		{B11EEBF6-F375-4E83-8CE7-C89FFDCF76CA}.Release|x64.ActiveCfg = Release|Any CPU
		{B11EEBF6-F375-4E83-8CE7-C89FFDCF76CA}.Release|x64.Build.0 = Release|Any CPU
		{B11EEBF6-F375-4E83-8CE7-C89FFDCF76CA}.Release|x86.ActiveCfg = Release|Any CPU
		{B11EEBF6-F375-4E83-8CE7-C89FFDCF76CA}.Release|x86.Build.0 = Release|Any CPU
		{98FC79DA-12CD-474B-99A4-E4CAD5437790}.Debug|Any CPU.ActiveCfg = Debug|Any CPU
		{98FC79DA-12CD-474B-99A4-E4CAD5437790}.Debug|Any CPU.Build.0 = Debug|Any CPU
		{98FC79DA-12CD-474B-99A4-E4CAD5437790}.Debug|x64.ActiveCfg = Debug|Any CPU
		{98FC79DA-12CD-474B-99A4-E4CAD5437790}.Debug|x64.Build.0 = Debug|Any CPU
		{98FC79DA-12CD-474B-99A4-E4CAD5437790}.Debug|x86.ActiveCfg = Debug|Any CPU
		{98FC79DA-12CD-474B-99A4-E4CAD5437790}.Debug|x86.Build.0 = Debug|Any CPU
		{98FC79DA-12CD-474B-99A4-E4CAD5437790}.Release|Any CPU.ActiveCfg = Release|Any CPU
		{98FC79DA-12CD-474B-99A4-E4CAD5437790}.Release|Any CPU.Build.0 = Release|Any CPU
		{98FC79DA-12CD-474B-99A4-E4CAD5437790}.Release|x64.ActiveCfg = Release|Any CPU
		{98FC79DA-12CD-474B-99A4-E4CAD5437790}.Release|x64.Build.0 = Release|Any CPU
		{98FC79DA-12CD-474B-99A4-E4CAD5437790}.Release|x86.ActiveCfg = Release|Any CPU
		{98FC79DA-12CD-474B-99A4-E4CAD5437790}.Release|x86.Build.0 = Release|Any CPU
		{9EFB708C-E89A-45AA-B0BA-68AC4032C3C3}.Debug|Any CPU.ActiveCfg = Debug|Any CPU
		{9EFB708C-E89A-45AA-B0BA-68AC4032C3C3}.Debug|Any CPU.Build.0 = Debug|Any CPU
		{9EFB708C-E89A-45AA-B0BA-68AC4032C3C3}.Debug|x64.ActiveCfg = Debug|Any CPU
		{9EFB708C-E89A-45AA-B0BA-68AC4032C3C3}.Debug|x64.Build.0 = Debug|Any CPU
		{9EFB708C-E89A-45AA-B0BA-68AC4032C3C3}.Debug|x86.ActiveCfg = Debug|Any CPU
		{9EFB708C-E89A-45AA-B0BA-68AC4032C3C3}.Debug|x86.Build.0 = Debug|Any CPU
		{9EFB708C-E89A-45AA-B0BA-68AC4032C3C3}.Release|Any CPU.ActiveCfg = Release|Any CPU
		{9EFB708C-E89A-45AA-B0BA-68AC4032C3C3}.Release|Any CPU.Build.0 = Release|Any CPU
		{9EFB708C-E89A-45AA-B0BA-68AC4032C3C3}.Release|x64.ActiveCfg = Release|Any CPU
		{9EFB708C-E89A-45AA-B0BA-68AC4032C3C3}.Release|x64.Build.0 = Release|Any CPU
		{9EFB708C-E89A-45AA-B0BA-68AC4032C3C3}.Release|x86.ActiveCfg = Release|Any CPU
		{9EFB708C-E89A-45AA-B0BA-68AC4032C3C3}.Release|x86.Build.0 = Release|Any CPU
	EndGlobalSection
	GlobalSection(SolutionProperties) = preSolution
		HideSolutionNode = FALSE
	EndGlobalSection
	GlobalSection(NestedProjects) = preSolution
		{98FC79DA-12CD-474B-99A4-E4CAD5437790} = {5D20AA90-6969-D8BD-9DCD-8634F4692FDA}
		{9EFB708C-E89A-45AA-B0BA-68AC4032C3C3} = {5D20AA90-6969-D8BD-9DCD-8634F4692FDA}
	EndGlobalSection
EndGlobal
